<?xml version="1.0" encoding="utf-8"?>
<Project ToolsVersion="4.0" xmlns="http://schemas.microsoft.com/developer/msbuild/2003">
  <ItemGroup>
    <Filter Include="Source Files">
      <UniqueIdentifier>{4FC737F1-C7A5-4376-A066-2A32D752A2FF}</UniqueIdentifier>
      <Extensions>cpp;c;cc;cxx;def;odl;idl;hpj;bat;asm;asmx</Extensions>
    </Filter>
    <Filter Include="Header Files">
      <UniqueIdentifier>{93995380-89BD-4b04-88EB-625FBE52EBFB}</UniqueIdentifier>
      <Extensions>h;hh;hpp;hxx;hm;inl;inc;xsd</Extensions>
    </Filter>
    <Filter Include="Resource Files">
      <UniqueIdentifier>{67DA6AB6-F800-4c08-8B7A-83BB121AAD01}</UniqueIdentifier>
      <Extensions>rc;ico;cur;bmp;dlg;rc2;rct;bin;rgs;gif;jpg;jpeg;jpe;resx;tiff;tif;png;wav;mfcribbon-ms</Extensions>
    </Filter>
    <Filter Include="Header Files\abMath">
      <UniqueIdentifier>{986f1d36-d975-4b20-82c3-6ca3c9ce86ef}</UniqueIdentifier>
    </Filter>
    <Filter Include="Source Files\abMath">
      <UniqueIdentifier>{8084046f-77f5-4ca4-990a-ce7e6810bc25}</UniqueIdentifier>
    </Filter>
    <Filter Include="Header Files\abGPU">
      <UniqueIdentifier>{8e64b352-2d10-47d1-a25b-774738dd9343}</UniqueIdentifier>
    </Filter>
    <Filter Include="Source Files\abGPU">
      <UniqueIdentifier>{d41b7cf3-b4cf-4e27-a650-35c4f4c38f49}</UniqueIdentifier>
    </Filter>
    <Filter Include="Source Files\abGPU\abGPUi_D3D">
      <UniqueIdentifier>{194e4e03-b948-43e5-a4fd-416eb09df81d}</UniqueIdentifier>
    </Filter>
    <Filter Include="Header Files\abGPU\abGPUi_D3D">
      <UniqueIdentifier>{9f4bc429-d733-4577-9ef4-82b9ef10d422}</UniqueIdentifier>
    </Filter>
    <Filter Include="Header Files\abParallel">
      <UniqueIdentifier>{feb5d25b-4f6f-4ac3-b81e-e59b1b9a97b9}</UniqueIdentifier>
    </Filter>
    <Filter Include="Header Files\abFeedback">
      <UniqueIdentifier>{c4ec6877-832e-4168-8c2c-0070a923d13f}</UniqueIdentifier>
    </Filter>
    <Filter Include="Source Files\abFeedback">
      <UniqueIdentifier>{ed15d011-e236-4b6c-b553-af791527d7fc}</UniqueIdentifier>
    </Filter>
    <Filter Include="Source Files\abMemory">
      <UniqueIdentifier>{46fe40e2-adf6-47af-abff-c40f246a541c}</UniqueIdentifier>
    </Filter>
    <Filter Include="Header Files\abMemory">
      <UniqueIdentifier>{9a85c247-d46b-4cf1-b64b-282c18590c20}</UniqueIdentifier>
    </Filter>
    <Filter Include="Header Files\abCore">
      <UniqueIdentifier>{2b5acb21-b383-4ac8-a94a-dc4dcfe29558}</UniqueIdentifier>
    </Filter>
    <Filter Include="Source Files\abCore">
      <UniqueIdentifier>{aac26721-95f3-4325-ba10-e824f245f0f2}</UniqueIdentifier>
    </Filter>
    <Filter Include="Header Files\abPlatform">
      <UniqueIdentifier>{25679ca8-105c-494e-b59b-eeffb72a32d1}</UniqueIdentifier>
    </Filter>
    <Filter Include="Source Files\abPlatform">
      <UniqueIdentifier>{9a8ed8ce-dcd6-4c3e-89c6-b26378d03274}</UniqueIdentifier>
    </Filter>
    <Filter Include="Header Files\abData">
      <UniqueIdentifier>{067b25d9-fe68-44d4-8507-43c60dce5157}</UniqueIdentifier>
    </Filter>
    <Filter Include="Source Files\abData">
      <UniqueIdentifier>{11f88440-320b-499a-97b2-7fa1be41375f}</UniqueIdentifier>
    </Filter>
  </ItemGroup>
  <ItemGroup>
    <ClInclude Include="abCommon.h">
      <Filter>Header Files</Filter>
    </ClInclude>
    <ClInclude Include="abMath\abVec4.h">
      <Filter>Header Files\abMath</Filter>
    </ClInclude>
    <ClInclude Include="abGPU\abGPU.h">
      <Filter>Header Files\abGPU</Filter>
    </ClInclude>
    <ClInclude Include="abGPU\abGPUi_D3D\abGPUi_D3D.h">
      <Filter>Header Files\abGPU\abGPUi_D3D</Filter>
    </ClInclude>
    <ClInclude Include="abMath\abBit.h">
      <Filter>Header Files\abMath</Filter>
    </ClInclude>
    <ClInclude Include="abParallel\abParallel.h">
      <Filter>Header Files\abParallel</Filter>
    </ClInclude>
    <ClInclude Include="abFeedback\abFeedback.h">
      <Filter>Header Files\abFeedback</Filter>
    </ClInclude>
    <ClInclude Include="abMemory\abMemory.h">
      <Filter>Header Files\abMemory</Filter>
    </ClInclude>
    <ClInclude Include="abCore\abCore.h">
      <Filter>Header Files\abCore</Filter>
    </ClInclude>
    <ClInclude Include="abPlatform\abPlatform.h">
      <Filter>Header Files\abPlatform</Filter>
    </ClInclude>
    <ClInclude Include="abData\abText.h">
      <Filter>Header Files\abData</Filter>
    </ClInclude>
  </ItemGroup>
  <ItemGroup>
    <ClCompile Include="abMath\abVec4.c">
      <Filter>Source Files\abMath</Filter>
    </ClCompile>
    <ClCompile Include="abGPU\abGPUi_D3D\abGPUi_D3D.c">
      <Filter>Source Files\abGPU\abGPUi_D3D</Filter>
    </ClCompile>
    <ClCompile Include="abGPU\abGPUi_D3D\abGPUi_D3D_Fence.c">
      <Filter>Source Files\abGPU\abGPUi_D3D</Filter>
    </ClCompile>
    <ClCompile Include="abGPU\abGPUi_D3D\abGPUi_D3D_Image.c">
      <Filter>Source Files\abGPU\abGPUi_D3D</Filter>
    </ClCompile>
    <ClCompile Include="abGPU\abGPU.c">
      <Filter>Source Files\abGPU</Filter>
    </ClCompile>
    <ClCompile Include="abGPU\abGPUi_D3D\abGPUi_D3D_Buffer.c">
      <Filter>Source Files\abGPU\abGPUi_D3D</Filter>
    </ClCompile>
    <ClCompile Include="abGPU\abGPUi_D3D\abGPUi_D3D_Sampler.c">
      <Filter>Source Files\abGPU\abGPUi_D3D</Filter>
    </ClCompile>
    <ClCompile Include="abGPU\abGPUi_D3D\abGPUi_D3D_HandleStore.c">
      <Filter>Source Files\abGPU\abGPUi_D3D</Filter>
    </ClCompile>
    <ClCompile Include="abFeedback\abFeedback.c">
      <Filter>Source Files\abFeedback</Filter>
    </ClCompile>
    <ClCompile Include="abMemory\abMemory.c">
      <Filter>Source Files\abMemory</Filter>
    </ClCompile>
    <ClCompile Include="abGPU\abGPUi_D3D\abGPUi_D3D_CmdList.c">
      <Filter>Source Files\abGPU\abGPUi_D3D</Filter>
    </ClCompile>
    <ClCompile Include="abGPU\abGPUi_D3D\abGPUi_D3D_RT.c">
      <Filter>Source Files\abGPU\abGPUi_D3D</Filter>
    </ClCompile>
    <ClCompile Include="abGPU\abGPUi_D3D\abGPUi_D3D_Input.c">
      <Filter>Source Files\abGPU\abGPUi_D3D</Filter>
    </ClCompile>
    <ClCompile Include="abGPU\abGPUi_D3D\abGPUi_D3D_Config.c">
      <Filter>Source Files\abGPU\abGPUi_D3D</Filter>
    </ClCompile>
    <ClCompile Include="abCore\abCore.c">
      <Filter>Source Files\abCore</Filter>
    </ClCompile>
    <ClCompile Include="abPlatform\abPlatform_WindowsDesktop.c">
      <Filter>Source Files\abPlatform</Filter>
    </ClCompile>
    <ClCompile Include="abPlatform\abPlatform_Windows.c">
      <Filter>Source Files\abPlatform</Filter>
    </ClCompile>
    <ClCompile Include="abData\abText.c">
      <Filter>Source Files\abData</Filter>
    </ClCompile>
  </ItemGroup>
</Project>